
Microsoft Visual Studio Solution File, Format Version 12.00
# Visual Studio 15
VisualStudioVersion = 15.0.26430.16
MinimumVisualStudioVersion = 10.0.40219.1
Project("{FAE04EC0-301F-11D3-BF4B-00C04F79EFBC}") = "SDT.TestRunner", "Sitecore.DiagnosticsTool.TestRunner\SDT.TestRunner.csproj", "{AE139CA8-D1E6-4A82-9B14-F9D15A5E91BC}"
EndProject
Project("{FAE04EC0-301F-11D3-BF4B-00C04F79EFBC}") = "SDT.UnitTests.Common", "Sitecore.DiagnosticsTool.UnitTests.Common\SDT.UnitTests.Common.csproj", "{9A96822B-E7A1-430B-B3A0-37F38E2955C3}"
EndProject
Project("{FAE04EC0-301F-11D3-BF4B-00C04F79EFBC}") = "SDT.TestRunner.UnitTests", "Sitecore.DiagnosticsTool.TestRunner.UnitTests\SDT.TestRunner.UnitTests.csproj", "{44E7D9B7-A386-47FA-BC86-72CD1E8F3BED}"
EndProject
Project("{FAE04EC0-301F-11D3-BF4B-00C04F79EFBC}") = "SDT.Core", "Sitecore.DiagnosticsTool.Core\SDT.Core.csproj", "{568D5646-D692-4AED-B575-8EF861AD8111}"
EndProject
Project("{FAE04EC0-301F-11D3-BF4B-00C04F79EFBC}") = "SDT.Core.UnitTests", "Sitecore.DiagnosticsTool.Core.UnitTests\SDT.Core.UnitTests.csproj", "{A9882BAA-DEDC-41E2-B9BA-0E25ED1FE772}"
EndProject
Project("{FAE04EC0-301F-11D3-BF4B-00C04F79EFBC}") = "SDT.Tests", "Sitecore.DiagnosticsTool.Tests\SDT.Tests.csproj", "{A4B64257-F8FF-4047-83A2-C745BBE97EF4}"
EndProject
Project("{FAE04EC0-301F-11D3-BF4B-00C04F79EFBC}") = "SDT.Tests.UnitTests", "Sitecore.DiagnosticsTool.Tests.UnitTests\SDT.Tests.UnitTests.csproj", "{7759FD22-CA2D-43C4-A710-D638668EA7E5}"
EndProject
Project("{FAE04EC0-301F-11D3-BF4B-00C04F79EFBC}") = "SDT.Tests.UnitTestsHelper", "Sitecore.DiagnosticsTool.Tests.UnitTestsHelper\SDT.Tests.UnitTestsHelper.csproj", "{7904FC70-3EBE-4A84-A32D-9A76083A07F3}"
EndProject
Project("{FAE04EC0-301F-11D3-BF4B-00C04F79EFBC}") = "SDT.Tests.UnitTestsHelper.UnitTests", "Sitecore.DiagnosticsTool.Tests.UnitTestsHelper.UnitTests\SDT.Tests.UnitTestsHelper.UnitTests.csproj", "{7801E672-4F9D-4A09-A0AF-AA0DC640B65B}"
EndProject
Project("{2150E333-8FDC-42A3-9474-1A3956D46DE8}") = "Tests", "Tests", "{1B1356AF-B9AD-49B8-A304-622EA6177EF2}"
EndProject
Project("{2150E333-8FDC-42A3-9474-1A3956D46DE8}") = "Engine", "Engine", "{B82A5756-B7B3-4DE6-8665-3072B205B9B0}"
EndProject
Project("{2150E333-8FDC-42A3-9474-1A3956D46DE8}") = "App", "App", "{32B15387-878F-43D1-A312-0B42F3D89DBC}"
EndProject
Project("{FAE04EC0-301F-11D3-BF4B-00C04F79EFBC}") = "SDT", "Sitecore.DiagnosticsTool\SDT.csproj", "{C8BF8E0D-C379-4E20-8B88-90E532793073}"
EndProject
Project("{FAE04EC0-301F-11D3-BF4B-00C04F79EFBC}") = "SDT.WinApp", "Sitecore.DiagnosticsTool.WinApp\SDT.WinApp.csproj", "{86865394-076D-4A03-9D07-A65711738C87}"
EndProject
Project("{FAE04EC0-301F-11D3-BF4B-00C04F79EFBC}") = "SDT.Reporting", "Sitecore.DiagnosticsTool.Reporting\SDT.Reporting.csproj", "{E228ACD8-383A-445D-89CF-C3985C337258}"
EndProject
Project("{FAE04EC0-301F-11D3-BF4B-00C04F79EFBC}") = "SDT.DataProviders.UnitTests", "Sitecore.DiagnosticsTool.DataProviders.UnitTests\SDT.DataProviders.UnitTests.csproj", "{7A47FD3D-F48D-426F-8523-6FC43D1746AE}"
EndProject
Project("{FAE04EC0-301F-11D3-BF4B-00C04F79EFBC}") = "SDT.DataProviders", "Sitecore.DiagnosticsTool.DataProviders\SDT.DataProviders.csproj", "{2F6C3B27-0B22-4A92-8A2C-8A76DA10015B}"
EndProject
Project("{2150E333-8FDC-42A3-9474-1A3956D46DE8}") = "UnitTestHelpers", "UnitTestHelpers", "{FC69FB20-530A-4D38-8098-FCF639B3FE96}"
EndProject
Global
	GlobalSection(SolutionConfigurationPlatforms) = preSolution
		Debug|Any CPU = Debug|Any CPU
		Release|Any CPU = Release|Any CPU
	EndGlobalSection
	GlobalSection(ProjectConfigurationPlatforms) = postSolution
		{AE139CA8-D1E6-4A82-9B14-F9D15A5E91BC}.Debug|Any CPU.ActiveCfg = Debug|Any CPU
		{AE139CA8-D1E6-4A82-9B14-F9D15A5E91BC}.Debug|Any CPU.Build.0 = Debug|Any CPU
		{AE139CA8-D1E6-4A82-9B14-F9D15A5E91BC}.Release|Any CPU.ActiveCfg = Release|Any CPU
		{AE139CA8-D1E6-4A82-9B14-F9D15A5E91BC}.Release|Any CPU.Build.0 = Release|Any CPU
		{9A96822B-E7A1-430B-B3A0-37F38E2955C3}.Debug|Any CPU.ActiveCfg = Debug|Any CPU
		{9A96822B-E7A1-430B-B3A0-37F38E2955C3}.Debug|Any CPU.Build.0 = Debug|Any CPU
		{9A96822B-E7A1-430B-B3A0-37F38E2955C3}.Release|Any CPU.ActiveCfg = Release|Any CPU
		{9A96822B-E7A1-430B-B3A0-37F38E2955C3}.Release|Any CPU.Build.0 = Release|Any CPU
		{44E7D9B7-A386-47FA-BC86-72CD1E8F3BED}.Debug|Any CPU.ActiveCfg = Debug|Any CPU
		{44E7D9B7-A386-47FA-BC86-72CD1E8F3BED}.Debug|Any CPU.Build.0 = Debug|Any CPU
		{44E7D9B7-A386-47FA-BC86-72CD1E8F3BED}.Release|Any CPU.ActiveCfg = Release|Any CPU
		{44E7D9B7-A386-47FA-BC86-72CD1E8F3BED}.Release|Any CPU.Build.0 = Release|Any CPU
		{568D5646-D692-4AED-B575-8EF861AD8111}.Debug|Any CPU.ActiveCfg = Debug|Any CPU
		{568D5646-D692-4AED-B575-8EF861AD8111}.Debug|Any CPU.Build.0 = Debug|Any CPU
		{568D5646-D692-4AED-B575-8EF861AD8111}.Release|Any CPU.ActiveCfg = Release|Any CPU
		{568D5646-D692-4AED-B575-8EF861AD8111}.Release|Any CPU.Build.0 = Release|Any CPU
		{A9882BAA-DEDC-41E2-B9BA-0E25ED1FE772}.Debug|Any CPU.ActiveCfg = Debug|Any CPU
		{A9882BAA-DEDC-41E2-B9BA-0E25ED1FE772}.Debug|Any CPU.Build.0 = Debug|Any CPU
		{A9882BAA-DEDC-41E2-B9BA-0E25ED1FE772}.Release|Any CPU.ActiveCfg = Release|Any CPU
		{A9882BAA-DEDC-41E2-B9BA-0E25ED1FE772}.Release|Any CPU.Build.0 = Release|Any CPU
		{A4B64257-F8FF-4047-83A2-C745BBE97EF4}.Debug|Any CPU.ActiveCfg = Debug|Any CPU
		{A4B64257-F8FF-4047-83A2-C745BBE97EF4}.Debug|Any CPU.Build.0 = Debug|Any CPU
		{A4B64257-F8FF-4047-83A2-C745BBE97EF4}.Release|Any CPU.ActiveCfg = Release|Any CPU
		{A4B64257-F8FF-4047-83A2-C745BBE97EF4}.Release|Any CPU.Build.0 = Release|Any CPU
		{7759FD22-CA2D-43C4-A710-D638668EA7E5}.Debug|Any CPU.ActiveCfg = Debug|Any CPU
		{7759FD22-CA2D-43C4-A710-D638668EA7E5}.Debug|Any CPU.Build.0 = Debug|Any CPU
		{7759FD22-CA2D-43C4-A710-D638668EA7E5}.Release|Any CPU.ActiveCfg = Release|Any CPU
		{7759FD22-CA2D-43C4-A710-D638668EA7E5}.Release|Any CPU.Build.0 = Release|Any CPU
		{7904FC70-3EBE-4A84-A32D-9A76083A07F3}.Debug|Any CPU.ActiveCfg = Debug|Any CPU
		{7904FC70-3EBE-4A84-A32D-9A76083A07F3}.Debug|Any CPU.Build.0 = Debug|Any CPU
		{7904FC70-3EBE-4A84-A32D-9A76083A07F3}.Release|Any CPU.ActiveCfg = Release|Any CPU
		{7904FC70-3EBE-4A84-A32D-9A76083A07F3}.Release|Any CPU.Build.0 = Release|Any CPU
		{7801E672-4F9D-4A09-A0AF-AA0DC640B65B}.Debug|Any CPU.ActiveCfg = Debug|Any CPU
		{7801E672-4F9D-4A09-A0AF-AA0DC640B65B}.Debug|Any CPU.Build.0 = Debug|Any CPU
		{7801E672-4F9D-4A09-A0AF-AA0DC640B65B}.Release|Any CPU.ActiveCfg = Release|Any CPU
		{7801E672-4F9D-4A09-A0AF-AA0DC640B65B}.Release|Any CPU.Build.0 = Release|Any CPU
		{C8BF8E0D-C379-4E20-8B88-90E532793073}.Debug|Any CPU.ActiveCfg = Debug|Any CPU
		{C8BF8E0D-C379-4E20-8B88-90E532793073}.Debug|Any CPU.Build.0 = Debug|Any CPU
		{C8BF8E0D-C379-4E20-8B88-90E532793073}.Release|Any CPU.ActiveCfg = Release|Any CPU
		{C8BF8E0D-C379-4E20-8B88-90E532793073}.Release|Any CPU.Build.0 = Release|Any CPU
		{86865394-076D-4A03-9D07-A65711738C87}.Debug|Any CPU.ActiveCfg = Debug|Any CPU
		{86865394-076D-4A03-9D07-A65711738C87}.Debug|Any CPU.Build.0 = Debug|Any CPU
		{86865394-076D-4A03-9D07-A65711738C87}.Release|Any CPU.ActiveCfg = Release|Any CPU
		{86865394-076D-4A03-9D07-A65711738C87}.Release|Any CPU.Build.0 = Release|Any CPU
		{E228ACD8-383A-445D-89CF-C3985C337258}.Debug|Any CPU.ActiveCfg = Debug|Any CPU
		{E228ACD8-383A-445D-89CF-C3985C337258}.Debug|Any CPU.Build.0 = Debug|Any CPU
		{E228ACD8-383A-445D-89CF-C3985C337258}.Release|Any CPU.ActiveCfg = Release|Any CPU
		{E228ACD8-383A-445D-89CF-C3985C337258}.Release|Any CPU.Build.0 = Release|Any CPU
		{7A47FD3D-F48D-426F-8523-6FC43D1746AE}.Debug|Any CPU.ActiveCfg = Debug|Any CPU
		{7A47FD3D-F48D-426F-8523-6FC43D1746AE}.Debug|Any CPU.Build.0 = Debug|Any CPU
		{7A47FD3D-F48D-426F-8523-6FC43D1746AE}.Release|Any CPU.ActiveCfg = Release|Any CPU
		{7A47FD3D-F48D-426F-8523-6FC43D1746AE}.Release|Any CPU.Build.0 = Release|Any CPU
		{2F6C3B27-0B22-4A92-8A2C-8A76DA10015B}.Debug|Any CPU.ActiveCfg = Debug|Any CPU
		{2F6C3B27-0B22-4A92-8A2C-8A76DA10015B}.Debug|Any CPU.Build.0 = Debug|Any CPU
		{2F6C3B27-0B22-4A92-8A2C-8A76DA10015B}.Release|Any CPU.ActiveCfg = Release|Any CPU
		{2F6C3B27-0B22-4A92-8A2C-8A76DA10015B}.Release|Any CPU.Build.0 = Release|Any CPU
	EndGlobalSection
	GlobalSection(SolutionProperties) = preSolution
		HideSolutionNode = FALSE
	EndGlobalSection
	GlobalSection(NestedProjects) = preSolution
		{AE139CA8-D1E6-4A82-9B14-F9D15A5E91BC} = {B82A5756-B7B3-4DE6-8665-3072B205B9B0}
		{9A96822B-E7A1-430B-B3A0-37F38E2955C3} = {FC69FB20-530A-4D38-8098-FCF639B3FE96}
		{44E7D9B7-A386-47FA-BC86-72CD1E8F3BED} = {B82A5756-B7B3-4DE6-8665-3072B205B9B0}
		{568D5646-D692-4AED-B575-8EF861AD8111} = {B82A5756-B7B3-4DE6-8665-3072B205B9B0}
		{A9882BAA-DEDC-41E2-B9BA-0E25ED1FE772} = {B82A5756-B7B3-4DE6-8665-3072B205B9B0}
		{A4B64257-F8FF-4047-83A2-C745BBE97EF4} = {1B1356AF-B9AD-49B8-A304-622EA6177EF2}
		{7759FD22-CA2D-43C4-A710-D638668EA7E5} = {1B1356AF-B9AD-49B8-A304-622EA6177EF2}
		{7904FC70-3EBE-4A84-A32D-9A76083A07F3} = {FC69FB20-530A-4D38-8098-FCF639B3FE96}
		{7801E672-4F9D-4A09-A0AF-AA0DC640B65B} = {FC69FB20-530A-4D38-8098-FCF639B3FE96}
		{C8BF8E0D-C379-4E20-8B88-90E532793073} = {32B15387-878F-43D1-A312-0B42F3D89DBC}
		{86865394-076D-4A03-9D07-A65711738C87} = {32B15387-878F-43D1-A312-0B42F3D89DBC}
		{E228ACD8-383A-445D-89CF-C3985C337258} = {B82A5756-B7B3-4DE6-8665-3072B205B9B0}
		{7A47FD3D-F48D-426F-8523-6FC43D1746AE} = {B82A5756-B7B3-4DE6-8665-3072B205B9B0}
		{2F6C3B27-0B22-4A92-8A2C-8A76DA10015B} = {B82A5756-B7B3-4DE6-8665-3072B205B9B0}
	EndGlobalSection
EndGlobal
